{
  "nodes": {
    "nixpkgs": {
      "locked": {
        "lastModified": 1706732774,
        "narHash": "sha256-hqJlyJk4MRpcItGYMF+3uHe8HvxNETWvlGtLuVpqLU0=",
        "path": "/nix/store/mcm21fbi7i6m3f189pkm7zcdn4c9xl40-source",
        "rev": "b8b232ae7b8b144397fdb12d20f592e5e7c1a64d",
        "type": "path"
      },
      "original": {
        "id": "nixpkgs",
        "type": "indirect"
      }
    },
    "root": {
      "inputs": {
        "nixpkgs": "nixpkgs"
      }
    }
  },
  "root": "root",
  "version": 7
}
